
Microsoft Visual Studio Solution File, Format Version 12.00
# Visual Studio 15
VisualStudioVersion = 15.0.26730.16
MinimumVisualStudioVersion = 10.0.40219.1
Project("{FAE04EC0-301F-11D3-BF4B-00C04F79EFBC}") = "asp exercise", "asp exercise\asp exercise.csproj", "{091AD657-B37B-4A20-A63A-013F39CC3721}"
EndProject
Global
	GlobalSection(SolutionConfigurationPlatforms) = preSolution
		Debug|Any CPU = Debug|Any CPU
		Release|Any CPU = Release|Any CPU
	EndGlobalSection
	GlobalSection(ProjectConfigurationPlatforms) = postSolution
		{091AD657-B37B-4A20-A63A-013F39CC3721}.Debug|Any CPU.ActiveCfg = Debug|Any CPU
		{091AD657-B37B-4A20-A63A-013F39CC3721}.Debug|Any CPU.Build.0 = Debug|Any CPU
		{091AD657-B37B-4A20-A63A-013F39CC3721}.Release|Any CPU.ActiveCfg = Release|Any CPU
		{091AD657-B37B-4A20-A63A-013F39CC3721}.Release|Any CPU.Build.0 = Release|Any CPU
	EndGlobalSection
	GlobalSection(SolutionProperties) = preSolution
		HideSolutionNode = FALSE
	EndGlobalSection
	GlobalSection(ExtensibilityGlobals) = postSolution
		SolutionGuid = {908A11D8-D15B-4C0D-B0C7-5DE5C52788CE}
	EndGlobalSection
EndGlobal
